
Microsoft Visual Studio Solution File, Format Version 12.00
# Visual Studio Version 17
VisualStudioVersion = 17.0.32126.317
MinimumVisualStudioVersion = 10.0.40219.1
Project("{FAE04EC0-301F-11D3-BF4B-00C04F79EFBC}") = "AppWhile3", "AppWhile3\AppWhile3.csproj", "{7A0C619E-223B-4F80-BB63-48FBA19A2DD0}"
EndProject
Global
	GlobalSection(SolutionConfigurationPlatforms) = preSolution
		Debug|Any CPU = Debug|Any CPU
		Release|Any CPU = Release|Any CPU
	EndGlobalSection
	GlobalSection(ProjectConfigurationPlatforms) = postSolution
		{7A0C619E-223B-4F80-BB63-48FBA19A2DD0}.Debug|Any CPU.ActiveCfg = Debug|Any CPU
		{7A0C619E-223B-4F80-BB63-48FBA19A2DD0}.Debug|Any CPU.Build.0 = Debug|Any CPU
		{7A0C619E-223B-4F80-BB63-48FBA19A2DD0}.Release|Any CPU.ActiveCfg = Release|Any CPU
		{7A0C619E-223B-4F80-BB63-48FBA19A2DD0}.Release|Any CPU.Build.0 = Release|Any CPU
	EndGlobalSection
	GlobalSection(SolutionProperties) = preSolution
		HideSolutionNode = FALSE
	EndGlobalSection
	GlobalSection(ExtensibilityGlobals) = postSolution
		SolutionGuid = {DF2DEB40-D5F5-4464-BD18-3787DCA5E209}
	EndGlobalSection
EndGlobal
