
Microsoft Visual Studio Solution File, Format Version 12.00
# Visual Studio Version 17
VisualStudioVersion = 17.0.32126.317
MinimumVisualStudioVersion = 10.0.40219.1
Project("{FAE04EC0-301F-11D3-BF4B-00C04F79EFBC}") = "AppFor1", "AppFor1\AppFor1.csproj", "{D320891F-8FAA-4E8D-81A4-C06CF0826587}"
EndProject
Global
	GlobalSection(SolutionConfigurationPlatforms) = preSolution
		Debug|Any CPU = Debug|Any CPU
		Release|Any CPU = Release|Any CPU
	EndGlobalSection
	GlobalSection(ProjectConfigurationPlatforms) = postSolution
		{D320891F-8FAA-4E8D-81A4-C06CF0826587}.Debug|Any CPU.ActiveCfg = Debug|Any CPU
		{D320891F-8FAA-4E8D-81A4-C06CF0826587}.Debug|Any CPU.Build.0 = Debug|Any CPU
		{D320891F-8FAA-4E8D-81A4-C06CF0826587}.Release|Any CPU.ActiveCfg = Release|Any CPU
		{D320891F-8FAA-4E8D-81A4-C06CF0826587}.Release|Any CPU.Build.0 = Release|Any CPU
	EndGlobalSection
	GlobalSection(SolutionProperties) = preSolution
		HideSolutionNode = FALSE
	EndGlobalSection
	GlobalSection(ExtensibilityGlobals) = postSolution
		SolutionGuid = {4CFD9195-9792-497D-B4FE-948A96046DA0}
	EndGlobalSection
EndGlobal
