
Microsoft Visual Studio Solution File, Format Version 12.00
# Visual Studio Version 17
VisualStudioVersion = 17.0.32126.317
MinimumVisualStudioVersion = 10.0.40219.1
Project("{FAE04EC0-301F-11D3-BF4B-00C04F79EFBC}") = "AppSwitch1", "AppSwitch1\AppSwitch1.csproj", "{53E35E16-D6D5-4B8E-BC6E-A9CBEF80A362}"
EndProject
Global
	GlobalSection(SolutionConfigurationPlatforms) = preSolution
		Debug|Any CPU = Debug|Any CPU
		Release|Any CPU = Release|Any CPU
	EndGlobalSection
	GlobalSection(ProjectConfigurationPlatforms) = postSolution
		{53E35E16-D6D5-4B8E-BC6E-A9CBEF80A362}.Debug|Any CPU.ActiveCfg = Debug|Any CPU
		{53E35E16-D6D5-4B8E-BC6E-A9CBEF80A362}.Debug|Any CPU.Build.0 = Debug|Any CPU
		{53E35E16-D6D5-4B8E-BC6E-A9CBEF80A362}.Release|Any CPU.ActiveCfg = Release|Any CPU
		{53E35E16-D6D5-4B8E-BC6E-A9CBEF80A362}.Release|Any CPU.Build.0 = Release|Any CPU
	EndGlobalSection
	GlobalSection(SolutionProperties) = preSolution
		HideSolutionNode = FALSE
	EndGlobalSection
	GlobalSection(ExtensibilityGlobals) = postSolution
		SolutionGuid = {7C898552-AAA9-4681-9CEF-F085BAE5DC04}
	EndGlobalSection
EndGlobal
