
Microsoft Visual Studio Solution File, Format Version 12.00
# Visual Studio Version 17
VisualStudioVersion = 17.0.32126.317
MinimumVisualStudioVersion = 10.0.40219.1
Project("{FAE04EC0-301F-11D3-BF4B-00C04F79EFBC}") = "AppWhile4", "AppWhile4\AppWhile4.csproj", "{0BB73D3C-2E8F-4981-B41A-0716355B0759}"
EndProject
Global
	GlobalSection(SolutionConfigurationPlatforms) = preSolution
		Debug|Any CPU = Debug|Any CPU
		Release|Any CPU = Release|Any CPU
	EndGlobalSection
	GlobalSection(ProjectConfigurationPlatforms) = postSolution
		{0BB73D3C-2E8F-4981-B41A-0716355B0759}.Debug|Any CPU.ActiveCfg = Debug|Any CPU
		{0BB73D3C-2E8F-4981-B41A-0716355B0759}.Debug|Any CPU.Build.0 = Debug|Any CPU
		{0BB73D3C-2E8F-4981-B41A-0716355B0759}.Release|Any CPU.ActiveCfg = Release|Any CPU
		{0BB73D3C-2E8F-4981-B41A-0716355B0759}.Release|Any CPU.Build.0 = Release|Any CPU
	EndGlobalSection
	GlobalSection(SolutionProperties) = preSolution
		HideSolutionNode = FALSE
	EndGlobalSection
	GlobalSection(ExtensibilityGlobals) = postSolution
		SolutionGuid = {D1D22ADE-52AA-4350-BC85-06576C0189D2}
	EndGlobalSection
EndGlobal
