
Microsoft Visual Studio Solution File, Format Version 12.00
# Visual Studio Version 17
VisualStudioVersion = 17.0.32126.317
MinimumVisualStudioVersion = 10.0.40219.1
Project("{FAE04EC0-301F-11D3-BF4B-00C04F79EFBC}") = "AppNotasAlumno", "AppNotasAlumno\AppNotasAlumno.csproj", "{EDAA9CBF-DD79-45A5-A28E-250BAFDAE7AF}"
EndProject
Global
	GlobalSection(SolutionConfigurationPlatforms) = preSolution
		Debug|Any CPU = Debug|Any CPU
		Release|Any CPU = Release|Any CPU
	EndGlobalSection
	GlobalSection(ProjectConfigurationPlatforms) = postSolution
		{EDAA9CBF-DD79-45A5-A28E-250BAFDAE7AF}.Debug|Any CPU.ActiveCfg = Debug|Any CPU
		{EDAA9CBF-DD79-45A5-A28E-250BAFDAE7AF}.Debug|Any CPU.Build.0 = Debug|Any CPU
		{EDAA9CBF-DD79-45A5-A28E-250BAFDAE7AF}.Release|Any CPU.ActiveCfg = Release|Any CPU
		{EDAA9CBF-DD79-45A5-A28E-250BAFDAE7AF}.Release|Any CPU.Build.0 = Release|Any CPU
	EndGlobalSection
	GlobalSection(SolutionProperties) = preSolution
		HideSolutionNode = FALSE
	EndGlobalSection
	GlobalSection(ExtensibilityGlobals) = postSolution
		SolutionGuid = {D15EAAC6-A758-4CE4-B71A-815247AC729B}
	EndGlobalSection
EndGlobal
