
Microsoft Visual Studio Solution File, Format Version 12.00
# Visual Studio Version 17
VisualStudioVersion = 17.0.32126.317
MinimumVisualStudioVersion = 10.0.40219.1
Project("{FAE04EC0-301F-11D3-BF4B-00C04F79EFBC}") = "AppForEach1", "AppForEach1\AppForEach1.csproj", "{067F3C94-2766-4A0B-85D3-0FF41D8AE337}"
EndProject
Global
	GlobalSection(SolutionConfigurationPlatforms) = preSolution
		Debug|Any CPU = Debug|Any CPU
		Release|Any CPU = Release|Any CPU
	EndGlobalSection
	GlobalSection(ProjectConfigurationPlatforms) = postSolution
		{067F3C94-2766-4A0B-85D3-0FF41D8AE337}.Debug|Any CPU.ActiveCfg = Debug|Any CPU
		{067F3C94-2766-4A0B-85D3-0FF41D8AE337}.Debug|Any CPU.Build.0 = Debug|Any CPU
		{067F3C94-2766-4A0B-85D3-0FF41D8AE337}.Release|Any CPU.ActiveCfg = Release|Any CPU
		{067F3C94-2766-4A0B-85D3-0FF41D8AE337}.Release|Any CPU.Build.0 = Release|Any CPU
	EndGlobalSection
	GlobalSection(SolutionProperties) = preSolution
		HideSolutionNode = FALSE
	EndGlobalSection
	GlobalSection(ExtensibilityGlobals) = postSolution
		SolutionGuid = {F8203FAC-73A3-4155-B21B-4D07C05395D9}
	EndGlobalSection
EndGlobal
